
Microsoft Visual Studio Solution File, Format Version 12.00
# Visual Studio Version 17
VisualStudioVersion = 17.8.34309.116
MinimumVisualStudioVersion = 10.0.40219.1
Project("{2150E333-8FDC-42A3-9474-1A3956D46DE8}") = "Catalog", "Catalog", "{4C9A69CA-03FE-449F-9964-DACB1CD5477C}"
EndProject
Project("{9A19103F-16F7-4668-BE54-9A1E7A4F7556}") = "CatalogApi", "CatalogApi\CatalogApi.csproj", "{3841EE71-BEC3-4286-800B-117F2C2BE6A3}"
EndProject
Project("{E53339B2-1760-4266-BCC7-CA923CBCF16C}") = "docker-compose", "docker-compose.dcproj", "{37E77A44-3949-4FC7-A6AB-8FA032B6F6FE}"
EndProject
Project("{2150E333-8FDC-42A3-9474-1A3956D46DE8}") = "MISC", "MISC", "{031C3394-2897-417F-9682-3F9D6691FE48}"
EndProject
Project("{2150E333-8FDC-42A3-9474-1A3956D46DE8}") = "Basket", "Basket", "{A00645F2-3604-47C5-B84F-4B4F4A4165EA}"
EndProject
Project("{9A19103F-16F7-4668-BE54-9A1E7A4F7556}") = "BasketApi", "BasketApi\BasketApi.csproj", "{FE6155CA-69DE-4A22-867C-AF4712FA4AC0}"
EndProject
Project("{9A19103F-16F7-4668-BE54-9A1E7A4F7556}") = "AsyncProgramming", "AsyncProgramming\AsyncProgramming.csproj", "{118ECF93-1B54-4756-AB29-75686F73D107}"
EndProject
Project("{2150E333-8FDC-42A3-9474-1A3956D46DE8}") = "Inventory", "Inventory", "{89DE7BA1-0DC5-43C7-AA5D-D7518A744FF1}"
EndProject
Project("{9A19103F-16F7-4668-BE54-9A1E7A4F7556}") = "InventoryGrpc", "InventoryGrpc\InventoryGrpc.csproj", "{49C28671-68B4-4D0D-86C9-0E6C9C7E2DD2}"
EndProject
Project("{9A19103F-16F7-4668-BE54-9A1E7A4F7556}") = "MISC", "MISC\MISC.csproj", "{0CF3B01C-5AB2-458C-811B-5C152F3895F2}"
EndProject
Project("{2150E333-8FDC-42A3-9474-1A3956D46DE8}") = "Ordering", "Ordering", "{E32A9709-0EE9-4DCB-9A24-F76C043C1395}"
EndProject
Project("{9A19103F-16F7-4668-BE54-9A1E7A4F7556}") = "Ordering.Domain", "Ordering.Domain\Ordering.Domain.csproj", "{FFBFD800-6EBE-4A7F-B6CE-D1F33507575E}"
EndProject
Project("{9A19103F-16F7-4668-BE54-9A1E7A4F7556}") = "Ordering.Infrastructure", "Ordering.Infrastructure\Ordering.Infrastructure.csproj", "{44EE805D-E87E-46F3-B89B-4CD0544B0B12}"
EndProject
Project("{9A19103F-16F7-4668-BE54-9A1E7A4F7556}") = "Ordering.Application", "Ordering.Application\Ordering.Application.csproj", "{36DD6CB3-A46F-4A91-AB9E-A76C2E87E33E}"
EndProject
Project("{9A19103F-16F7-4668-BE54-9A1E7A4F7556}") = "Ordering.Api", "Ordering.Api\Ordering.Api.csproj", "{871DE988-F20E-43E1-B9BE-AA9797EB849F}"
EndProject
Project("{9A19103F-16F7-4668-BE54-9A1E7A4F7556}") = "Ordering.Test", "Ordering.Test\Ordering.Test.csproj", "{C72A68AF-7D0C-473C-A4BC-B3731FDF9482}"
EndProject
Project("{9A19103F-16F7-4668-BE54-9A1E7A4F7556}") = "DependencyInjection.Api", "DependencyInjection.Api\DependencyInjection.Api.csproj", "{0F38077C-5E46-4FBD-BBE2-3C249D2BE285}"
EndProject
Project("{9A19103F-16F7-4668-BE54-9A1E7A4F7556}") = "MemoryTest", "MemoryTest\MemoryTest.csproj", "{68B594C8-1291-44AD-B2C4-1F9C1A62A9F4}"
EndProject
Project("{2150E333-8FDC-42A3-9474-1A3956D46DE8}") = "EventBusMessages", "EventBusMessages", "{12257963-1750-4CC3-A6AB-981303A37330}"
EndProject
Project("{9A19103F-16F7-4668-BE54-9A1E7A4F7556}") = "EventBus.Messages", "EventBus.Messages\EventBus.Messages.csproj", "{0A0FA222-48B0-499A-A8E1-B475A40A97F1}"
EndProject
Project("{2150E333-8FDC-42A3-9474-1A3956D46DE8}") = "Identity", "Identity", "{EA8EE97F-3AC0-401D-BB17-40494410AD5F}"
EndProject
Project("{9A19103F-16F7-4668-BE54-9A1E7A4F7556}") = "AuthenticationApi", "AuthenticationApi\AuthenticationApi.csproj", "{35A7026D-B0B7-48F5-B164-18D2125DDA31}"
EndProject
Project("{2150E333-8FDC-42A3-9474-1A3956D46DE8}") = "Gateway", "Gateway", "{1E7D28DE-1B4D-4CCB-BAEA-9D6775F6934E}"
EndProject
Project("{FAE04EC0-301F-11D3-BF4B-00C04F79EFBC}") = "ApiGateway", "ApiGateway\ApiGateway.csproj", "{2C8F0791-F0F1-4B21-9A40-9CC2FD3E69DA}"
EndProject
Global
	GlobalSection(SolutionConfigurationPlatforms) = preSolution
		Debug|Any CPU = Debug|Any CPU
		DebugConnect|Any CPU = DebugConnect|Any CPU
		Release|Any CPU = Release|Any CPU
	EndGlobalSection
	GlobalSection(ProjectConfigurationPlatforms) = postSolution
		{3841EE71-BEC3-4286-800B-117F2C2BE6A3}.Debug|Any CPU.ActiveCfg = Debug|Any CPU
		{3841EE71-BEC3-4286-800B-117F2C2BE6A3}.Debug|Any CPU.Build.0 = Debug|Any CPU
		{3841EE71-BEC3-4286-800B-117F2C2BE6A3}.DebugConnect|Any CPU.ActiveCfg = DebugConnect|Any CPU
		{3841EE71-BEC3-4286-800B-117F2C2BE6A3}.DebugConnect|Any CPU.Build.0 = DebugConnect|Any CPU
		{3841EE71-BEC3-4286-800B-117F2C2BE6A3}.Release|Any CPU.ActiveCfg = Release|Any CPU
		{3841EE71-BEC3-4286-800B-117F2C2BE6A3}.Release|Any CPU.Build.0 = Release|Any CPU
		{37E77A44-3949-4FC7-A6AB-8FA032B6F6FE}.Debug|Any CPU.ActiveCfg = Debug|Any CPU
		{37E77A44-3949-4FC7-A6AB-8FA032B6F6FE}.Debug|Any CPU.Build.0 = Debug|Any CPU
		{37E77A44-3949-4FC7-A6AB-8FA032B6F6FE}.DebugConnect|Any CPU.ActiveCfg = Debug|Any CPU
		{37E77A44-3949-4FC7-A6AB-8FA032B6F6FE}.DebugConnect|Any CPU.Build.0 = Debug|Any CPU
		{37E77A44-3949-4FC7-A6AB-8FA032B6F6FE}.Release|Any CPU.ActiveCfg = Release|Any CPU
		{37E77A44-3949-4FC7-A6AB-8FA032B6F6FE}.Release|Any CPU.Build.0 = Release|Any CPU
		{FE6155CA-69DE-4A22-867C-AF4712FA4AC0}.Debug|Any CPU.ActiveCfg = Debug|Any CPU
		{FE6155CA-69DE-4A22-867C-AF4712FA4AC0}.Debug|Any CPU.Build.0 = Debug|Any CPU
		{FE6155CA-69DE-4A22-867C-AF4712FA4AC0}.DebugConnect|Any CPU.ActiveCfg = Debug|Any CPU
		{FE6155CA-69DE-4A22-867C-AF4712FA4AC0}.DebugConnect|Any CPU.Build.0 = Debug|Any CPU
		{FE6155CA-69DE-4A22-867C-AF4712FA4AC0}.Release|Any CPU.ActiveCfg = Release|Any CPU
		{FE6155CA-69DE-4A22-867C-AF4712FA4AC0}.Release|Any CPU.Build.0 = Release|Any CPU
		{118ECF93-1B54-4756-AB29-75686F73D107}.Debug|Any CPU.ActiveCfg = Debug|Any CPU
		{118ECF93-1B54-4756-AB29-75686F73D107}.Debug|Any CPU.Build.0 = Debug|Any CPU
		{118ECF93-1B54-4756-AB29-75686F73D107}.DebugConnect|Any CPU.ActiveCfg = Debug|Any CPU
		{118ECF93-1B54-4756-AB29-75686F73D107}.DebugConnect|Any CPU.Build.0 = Debug|Any CPU
		{118ECF93-1B54-4756-AB29-75686F73D107}.Release|Any CPU.ActiveCfg = Release|Any CPU
		{118ECF93-1B54-4756-AB29-75686F73D107}.Release|Any CPU.Build.0 = Release|Any CPU
		{49C28671-68B4-4D0D-86C9-0E6C9C7E2DD2}.Debug|Any CPU.ActiveCfg = Debug|Any CPU
		{49C28671-68B4-4D0D-86C9-0E6C9C7E2DD2}.Debug|Any CPU.Build.0 = Debug|Any CPU
		{49C28671-68B4-4D0D-86C9-0E6C9C7E2DD2}.DebugConnect|Any CPU.ActiveCfg = Debug|Any CPU
		{49C28671-68B4-4D0D-86C9-0E6C9C7E2DD2}.DebugConnect|Any CPU.Build.0 = Debug|Any CPU
		{49C28671-68B4-4D0D-86C9-0E6C9C7E2DD2}.Release|Any CPU.ActiveCfg = Release|Any CPU
		{49C28671-68B4-4D0D-86C9-0E6C9C7E2DD2}.Release|Any CPU.Build.0 = Release|Any CPU
		{0CF3B01C-5AB2-458C-811B-5C152F3895F2}.Debug|Any CPU.ActiveCfg = Debug|Any CPU
		{0CF3B01C-5AB2-458C-811B-5C152F3895F2}.Debug|Any CPU.Build.0 = Debug|Any CPU
		{0CF3B01C-5AB2-458C-811B-5C152F3895F2}.DebugConnect|Any CPU.ActiveCfg = Debug|Any CPU
		{0CF3B01C-5AB2-458C-811B-5C152F3895F2}.DebugConnect|Any CPU.Build.0 = Debug|Any CPU
		{0CF3B01C-5AB2-458C-811B-5C152F3895F2}.Release|Any CPU.ActiveCfg = Release|Any CPU
		{0CF3B01C-5AB2-458C-811B-5C152F3895F2}.Release|Any CPU.Build.0 = Release|Any CPU
		{FFBFD800-6EBE-4A7F-B6CE-D1F33507575E}.Debug|Any CPU.ActiveCfg = Debug|Any CPU
		{FFBFD800-6EBE-4A7F-B6CE-D1F33507575E}.Debug|Any CPU.Build.0 = Debug|Any CPU
		{FFBFD800-6EBE-4A7F-B6CE-D1F33507575E}.DebugConnect|Any CPU.ActiveCfg = Debug|Any CPU
		{FFBFD800-6EBE-4A7F-B6CE-D1F33507575E}.DebugConnect|Any CPU.Build.0 = Debug|Any CPU
		{FFBFD800-6EBE-4A7F-B6CE-D1F33507575E}.Release|Any CPU.ActiveCfg = Release|Any CPU
		{FFBFD800-6EBE-4A7F-B6CE-D1F33507575E}.Release|Any CPU.Build.0 = Release|Any CPU
		{44EE805D-E87E-46F3-B89B-4CD0544B0B12}.Debug|Any CPU.ActiveCfg = Debug|Any CPU
		{44EE805D-E87E-46F3-B89B-4CD0544B0B12}.Debug|Any CPU.Build.0 = Debug|Any CPU
		{44EE805D-E87E-46F3-B89B-4CD0544B0B12}.DebugConnect|Any CPU.ActiveCfg = Debug|Any CPU
		{44EE805D-E87E-46F3-B89B-4CD0544B0B12}.DebugConnect|Any CPU.Build.0 = Debug|Any CPU
		{44EE805D-E87E-46F3-B89B-4CD0544B0B12}.Release|Any CPU.ActiveCfg = Release|Any CPU
		{44EE805D-E87E-46F3-B89B-4CD0544B0B12}.Release|Any CPU.Build.0 = Release|Any CPU
		{36DD6CB3-A46F-4A91-AB9E-A76C2E87E33E}.Debug|Any CPU.ActiveCfg = Debug|Any CPU
		{36DD6CB3-A46F-4A91-AB9E-A76C2E87E33E}.Debug|Any CPU.Build.0 = Debug|Any CPU
		{36DD6CB3-A46F-4A91-AB9E-A76C2E87E33E}.DebugConnect|Any CPU.ActiveCfg = Debug|Any CPU
		{36DD6CB3-A46F-4A91-AB9E-A76C2E87E33E}.DebugConnect|Any CPU.Build.0 = Debug|Any CPU
		{36DD6CB3-A46F-4A91-AB9E-A76C2E87E33E}.Release|Any CPU.ActiveCfg = Release|Any CPU
		{36DD6CB3-A46F-4A91-AB9E-A76C2E87E33E}.Release|Any CPU.Build.0 = Release|Any CPU
		{871DE988-F20E-43E1-B9BE-AA9797EB849F}.Debug|Any CPU.ActiveCfg = Debug|Any CPU
		{871DE988-F20E-43E1-B9BE-AA9797EB849F}.Debug|Any CPU.Build.0 = Debug|Any CPU
		{871DE988-F20E-43E1-B9BE-AA9797EB849F}.DebugConnect|Any CPU.ActiveCfg = Debug|Any CPU
		{871DE988-F20E-43E1-B9BE-AA9797EB849F}.DebugConnect|Any CPU.Build.0 = Debug|Any CPU
		{871DE988-F20E-43E1-B9BE-AA9797EB849F}.Release|Any CPU.ActiveCfg = Release|Any CPU
		{871DE988-F20E-43E1-B9BE-AA9797EB849F}.Release|Any CPU.Build.0 = Release|Any CPU
		{C72A68AF-7D0C-473C-A4BC-B3731FDF9482}.Debug|Any CPU.ActiveCfg = Debug|Any CPU
		{C72A68AF-7D0C-473C-A4BC-B3731FDF9482}.Debug|Any CPU.Build.0 = Debug|Any CPU
		{C72A68AF-7D0C-473C-A4BC-B3731FDF9482}.DebugConnect|Any CPU.ActiveCfg = Debug|Any CPU
		{C72A68AF-7D0C-473C-A4BC-B3731FDF9482}.DebugConnect|Any CPU.Build.0 = Debug|Any CPU
		{C72A68AF-7D0C-473C-A4BC-B3731FDF9482}.Release|Any CPU.ActiveCfg = Release|Any CPU
		{C72A68AF-7D0C-473C-A4BC-B3731FDF9482}.Release|Any CPU.Build.0 = Release|Any CPU
		{0F38077C-5E46-4FBD-BBE2-3C249D2BE285}.Debug|Any CPU.ActiveCfg = Debug|Any CPU
		{0F38077C-5E46-4FBD-BBE2-3C249D2BE285}.Debug|Any CPU.Build.0 = Debug|Any CPU
		{0F38077C-5E46-4FBD-BBE2-3C249D2BE285}.DebugConnect|Any CPU.ActiveCfg = Debug|Any CPU
		{0F38077C-5E46-4FBD-BBE2-3C249D2BE285}.DebugConnect|Any CPU.Build.0 = Debug|Any CPU
		{0F38077C-5E46-4FBD-BBE2-3C249D2BE285}.Release|Any CPU.ActiveCfg = Release|Any CPU
		{0F38077C-5E46-4FBD-BBE2-3C249D2BE285}.Release|Any CPU.Build.0 = Release|Any CPU
		{68B594C8-1291-44AD-B2C4-1F9C1A62A9F4}.Debug|Any CPU.ActiveCfg = Debug|Any CPU
		{68B594C8-1291-44AD-B2C4-1F9C1A62A9F4}.Debug|Any CPU.Build.0 = Debug|Any CPU
		{68B594C8-1291-44AD-B2C4-1F9C1A62A9F4}.DebugConnect|Any CPU.ActiveCfg = Debug|Any CPU
		{68B594C8-1291-44AD-B2C4-1F9C1A62A9F4}.DebugConnect|Any CPU.Build.0 = Debug|Any CPU
		{68B594C8-1291-44AD-B2C4-1F9C1A62A9F4}.Release|Any CPU.ActiveCfg = Release|Any CPU
		{68B594C8-1291-44AD-B2C4-1F9C1A62A9F4}.Release|Any CPU.Build.0 = Release|Any CPU
		{0A0FA222-48B0-499A-A8E1-B475A40A97F1}.Debug|Any CPU.ActiveCfg = Debug|Any CPU
		{0A0FA222-48B0-499A-A8E1-B475A40A97F1}.Debug|Any CPU.Build.0 = Debug|Any CPU
		{0A0FA222-48B0-499A-A8E1-B475A40A97F1}.DebugConnect|Any CPU.ActiveCfg = Debug|Any CPU
		{0A0FA222-48B0-499A-A8E1-B475A40A97F1}.DebugConnect|Any CPU.Build.0 = Debug|Any CPU
		{0A0FA222-48B0-499A-A8E1-B475A40A97F1}.Release|Any CPU.ActiveCfg = Release|Any CPU
		{0A0FA222-48B0-499A-A8E1-B475A40A97F1}.Release|Any CPU.Build.0 = Release|Any CPU
		{35A7026D-B0B7-48F5-B164-18D2125DDA31}.Debug|Any CPU.ActiveCfg = Debug|Any CPU
		{35A7026D-B0B7-48F5-B164-18D2125DDA31}.Debug|Any CPU.Build.0 = Debug|Any CPU
		{35A7026D-B0B7-48F5-B164-18D2125DDA31}.DebugConnect|Any CPU.ActiveCfg = Debug|Any CPU
		{35A7026D-B0B7-48F5-B164-18D2125DDA31}.DebugConnect|Any CPU.Build.0 = Debug|Any CPU
		{35A7026D-B0B7-48F5-B164-18D2125DDA31}.Release|Any CPU.ActiveCfg = Release|Any CPU
		{35A7026D-B0B7-48F5-B164-18D2125DDA31}.Release|Any CPU.Build.0 = Release|Any CPU
		{2C8F0791-F0F1-4B21-9A40-9CC2FD3E69DA}.Debug|Any CPU.ActiveCfg = Debug|Any CPU
		{2C8F0791-F0F1-4B21-9A40-9CC2FD3E69DA}.Debug|Any CPU.Build.0 = Debug|Any CPU
		{2C8F0791-F0F1-4B21-9A40-9CC2FD3E69DA}.DebugConnect|Any CPU.ActiveCfg = Debug|Any CPU
		{2C8F0791-F0F1-4B21-9A40-9CC2FD3E69DA}.DebugConnect|Any CPU.Build.0 = Debug|Any CPU
		{2C8F0791-F0F1-4B21-9A40-9CC2FD3E69DA}.Release|Any CPU.ActiveCfg = Release|Any CPU
		{2C8F0791-F0F1-4B21-9A40-9CC2FD3E69DA}.Release|Any CPU.Build.0 = Release|Any CPU
	EndGlobalSection
	GlobalSection(SolutionProperties) = preSolution
		HideSolutionNode = FALSE
	EndGlobalSection
	GlobalSection(NestedProjects) = preSolution
		{3841EE71-BEC3-4286-800B-117F2C2BE6A3} = {4C9A69CA-03FE-449F-9964-DACB1CD5477C}
		{FE6155CA-69DE-4A22-867C-AF4712FA4AC0} = {A00645F2-3604-47C5-B84F-4B4F4A4165EA}
		{118ECF93-1B54-4756-AB29-75686F73D107} = {031C3394-2897-417F-9682-3F9D6691FE48}
		{49C28671-68B4-4D0D-86C9-0E6C9C7E2DD2} = {89DE7BA1-0DC5-43C7-AA5D-D7518A744FF1}
		{0CF3B01C-5AB2-458C-811B-5C152F3895F2} = {031C3394-2897-417F-9682-3F9D6691FE48}
		{FFBFD800-6EBE-4A7F-B6CE-D1F33507575E} = {E32A9709-0EE9-4DCB-9A24-F76C043C1395}
		{44EE805D-E87E-46F3-B89B-4CD0544B0B12} = {E32A9709-0EE9-4DCB-9A24-F76C043C1395}
		{36DD6CB3-A46F-4A91-AB9E-A76C2E87E33E} = {E32A9709-0EE9-4DCB-9A24-F76C043C1395}
		{871DE988-F20E-43E1-B9BE-AA9797EB849F} = {E32A9709-0EE9-4DCB-9A24-F76C043C1395}
		{C72A68AF-7D0C-473C-A4BC-B3731FDF9482} = {E32A9709-0EE9-4DCB-9A24-F76C043C1395}
		{0F38077C-5E46-4FBD-BBE2-3C249D2BE285} = {031C3394-2897-417F-9682-3F9D6691FE48}
		{68B594C8-1291-44AD-B2C4-1F9C1A62A9F4} = {031C3394-2897-417F-9682-3F9D6691FE48}
		{0A0FA222-48B0-499A-A8E1-B475A40A97F1} = {12257963-1750-4CC3-A6AB-981303A37330}
		{35A7026D-B0B7-48F5-B164-18D2125DDA31} = {EA8EE97F-3AC0-401D-BB17-40494410AD5F}
		{2C8F0791-F0F1-4B21-9A40-9CC2FD3E69DA} = {1E7D28DE-1B4D-4CCB-BAEA-9D6775F6934E}
	EndGlobalSection
	GlobalSection(ExtensibilityGlobals) = postSolution
		SolutionGuid = {D7149830-4F62-44E6-8321-2B4AEBC5938A}
	EndGlobalSection
EndGlobal
